
Microsoft Visual Studio Solution File, Format Version 12.00
# Visual Studio Version 16
VisualStudioVersion = 16.0.31613.86
MinimumVisualStudioVersion = 10.0.40219.1
Project("{FAE04EC0-301F-11D3-BF4B-00C04F79EFBC}") = "testing3", "testing3\testing3.csproj", "{4D8170F6-2DF5-4C7A-B4E2-97DB13DB561B}"
EndProject
Global
	GlobalSection(SolutionConfigurationPlatforms) = preSolution
		Debug|Any CPU = Debug|Any CPU
		Release|Any CPU = Release|Any CPU
	EndGlobalSection
	GlobalSection(ProjectConfigurationPlatforms) = postSolution
		{4D8170F6-2DF5-4C7A-B4E2-97DB13DB561B}.Debug|Any CPU.ActiveCfg = Debug|Any CPU
		{4D8170F6-2DF5-4C7A-B4E2-97DB13DB561B}.Debug|Any CPU.Build.0 = Debug|Any CPU
		{4D8170F6-2DF5-4C7A-B4E2-97DB13DB561B}.Release|Any CPU.ActiveCfg = Release|Any CPU
		{4D8170F6-2DF5-4C7A-B4E2-97DB13DB561B}.Release|Any CPU.Build.0 = Release|Any CPU
	EndGlobalSection
	GlobalSection(SolutionProperties) = preSolution
		HideSolutionNode = FALSE
	EndGlobalSection
	GlobalSection(ExtensibilityGlobals) = postSolution
		SolutionGuid = {FFDBB360-B176-4A5E-8A4F-2C2CAA9436A0}
	EndGlobalSection
EndGlobal
